// !$*UTF8*$!
{
	archiveVersion = 1;
	classes = {
	};
	objectVersion = 50;
	objects = {

/* Begin PBXBuildFile section */
		118C1CF621510A8A007DFE0D /* AddViewController.swift in Sources */ = {isa = PBXBuildFile; fileRef = 118C1CF521510A8A007DFE0D /* AddViewController.swift */; };
		11ADD1B42143CFA0000A725E /* ListViewController.swift in Sources */ = {isa = PBXBuildFile; fileRef = 11ADD1B32143CFA0000A725E /* ListViewController.swift */; };
		11BE6FCD21784DE700162F5A /* SearchViewController.swift in Sources */ = {isa = PBXBuildFile; fileRef = 11BE6FCC21784DE700162F5A /* SearchViewController.swift */; };
		11BE6FD52178B62100162F5A /* search.png in Resources */ = {isa = PBXBuildFile; fileRef = 11BE6FD42178B62100162F5A /* search.png */; };
		11D77CB3212C2B0500E9B7CE /* AppDelegate.swift in Sources */ = {isa = PBXBuildFile; fileRef = 11D77CB2212C2B0500E9B7CE /* AppDelegate.swift */; };
		11D77CB8212C2B0500E9B7CE /* Main.storyboard in Resources */ = {isa = PBXBuildFile; fileRef = 11D77CB6212C2B0500E9B7CE /* Main.storyboard */; };
		11D77CBA212C2B0800E9B7CE /* Assets.xcassets in Resources */ = {isa = PBXBuildFile; fileRef = 11D77CB9212C2B0800E9B7CE /* Assets.xcassets */; };
		11D77CBD212C2B0800E9B7CE /* LaunchScreen.storyboard in Resources */ = {isa = PBXBuildFile; fileRef = 11D77CBB212C2B0800E9B7CE /* LaunchScreen.storyboard */; };
		11D77CC8212C813700E9B7CE /* Localizable.strings in Resources */ = {isa = PBXBuildFile; fileRef = 11D77CCA212C813700E9B7CE /* Localizable.strings */; };
		11D77CD1212F120800E9B7CE /* NoteViewController.swift in Sources */ = {isa = PBXBuildFile; fileRef = 11D77CD0212F120800E9B7CE /* NoteViewController.swift */; };
		11D77CD3212F12C000E9B7CE /* Declarations.swift in Sources */ = {isa = PBXBuildFile; fileRef = 11D77CD2212F12C000E9B7CE /* Declarations.swift */; };
		11D77CD62130C17000E9B7CE /* SavedViewController.swift in Sources */ = {isa = PBXBuildFile; fileRef = 11D77CD52130C17000E9B7CE /* SavedViewController.swift */; };
		11D77CDA2131DC2000E9B7CE /* BarCodeViewController.swift in Sources */ = {isa = PBXBuildFile; fileRef = 11D77CD92131DC2000E9B7CE /* BarCodeViewController.swift */; };
		11FABCC8213D986F00229F28 /* CSViewController.swift in Sources */ = {isa = PBXBuildFile; fileRef = 11FABCC7213D986F00229F28 /* CSViewController.swift */; };
/* End PBXBuildFile section */

/* Begin PBXFileReference section */
		118C1CF521510A8A007DFE0D /* AddViewController.swift */ = {isa = PBXFileReference; fileEncoding = 4; lastKnownFileType = sourcecode.swift; path = AddViewController.swift; sourceTree = "<group>"; };
		11ADD1B32143CFA0000A725E /* ListViewController.swift */ = {isa = PBXFileReference; lastKnownFileType = sourcecode.swift; path = ListViewController.swift; sourceTree = "<group>"; };
		11BE6FCC21784DE700162F5A /* SearchViewController.swift */ = {isa = PBXFileReference; lastKnownFileType = sourcecode.swift; path = SearchViewController.swift; sourceTree = "<group>"; };
		11BE6FD42178B62100162F5A /* search.png */ = {isa = PBXFileReference; lastKnownFileType = image.png; path = search.png; sourceTree = "<group>"; };
		11D77CAF212C2B0500E9B7CE /* BooksManager.app */ = {isa = PBXFileReference; explicitFileType = wrapper.application; includeInIndex = 0; path = BooksManager.app; sourceTree = BUILT_PRODUCTS_DIR; };
		11D77CB2212C2B0500E9B7CE /* AppDelegate.swift */ = {isa = PBXFileReference; lastKnownFileType = sourcecode.swift; path = AppDelegate.swift; sourceTree = "<group>"; };
		11D77CB7212C2B0500E9B7CE /* Base */ = {isa = PBXFileReference; lastKnownFileType = file.storyboard; name = Base; path = Base.lproj/Main.storyboard; sourceTree = "<group>"; };
		11D77CB9212C2B0800E9B7CE /* Assets.xcassets */ = {isa = PBXFileReference; lastKnownFileType = folder.assetcatalog; path = Assets.xcassets; sourceTree = "<group>"; };
		11D77CBC212C2B0800E9B7CE /* Base */ = {isa = PBXFileReference; lastKnownFileType = file.storyboard; name = Base; path = Base.lproj/LaunchScreen.storyboard; sourceTree = "<group>"; };
		11D77CBE212C2B0800E9B7CE /* Info.plist */ = {isa = PBXFileReference; lastKnownFileType = text.plist.xml; path = Info.plist; sourceTree = "<group>"; };
		11D77CCB212C817A00E9B7CE /* ja */ = {isa = PBXFileReference; lastKnownFileType = text.plist.strings; name = ja; path = ja.lproj/Localizable.strings; sourceTree = "<group>"; };
		11D77CCD212C820900E9B7CE /* Base */ = {isa = PBXFileReference; lastKnownFileType = text.plist.strings; name = Base; path = Base.lproj/Localizable.strings; sourceTree = "<group>"; };
		11D77CD0212F120800E9B7CE /* NoteViewController.swift */ = {isa = PBXFileReference; lastKnownFileType = sourcecode.swift; path = NoteViewController.swift; sourceTree = "<group>"; };
		11D77CD2212F12C000E9B7CE /* Declarations.swift */ = {isa = PBXFileReference; lastKnownFileType = sourcecode.swift; path = Declarations.swift; sourceTree = "<group>"; };
		11D77CD4212F3F3D00E9B7CE /* eo */ = {isa = PBXFileReference; lastKnownFileType = text.plist.strings; name = eo; path = eo.lproj/Localizable.strings; sourceTree = "<group>"; };
		11D77CD52130C17000E9B7CE /* SavedViewController.swift */ = {isa = PBXFileReference; lastKnownFileType = sourcecode.swift; path = SavedViewController.swift; sourceTree = "<group>"; };
		11D77CD92131DC2000E9B7CE /* BarCodeViewController.swift */ = {isa = PBXFileReference; lastKnownFileType = sourcecode.swift; path = BarCodeViewController.swift; sourceTree = "<group>"; };
		11FABCC7213D986F00229F28 /* CSViewController.swift */ = {isa = PBXFileReference; lastKnownFileType = sourcecode.swift; path = CSViewController.swift; sourceTree = "<group>"; };
/* End PBXFileReference section */

/* Begin PBXFrameworksBuildPhase section */
		11D77CAC212C2B0500E9B7CE /* Frameworks */ = {
			isa = PBXFrameworksBuildPhase;
			buildActionMask = 2147483647;
			files = (
			);
			runOnlyForDeploymentPostprocessing = 0;
		};
/* End PBXFrameworksBuildPhase section */

/* Begin PBXGroup section */
		11D77CA6212C2B0500E9B7CE = {
			isa = PBXGroup;
			children = (
				11D77CCA212C813700E9B7CE /* Localizable.strings */,
				11D77CB1212C2B0500E9B7CE /* BooksManager */,
				11D77CB0212C2B0500E9B7CE /* Products */,
			);
			sourceTree = "<group>";
		};
		11D77CB0212C2B0500E9B7CE /* Products */ = {
			isa = PBXGroup;
			children = (
				11D77CAF212C2B0500E9B7CE /* BooksManager.app */,
			);
			name = Products;
			sourceTree = "<group>";
		};
		11D77CB1212C2B0500E9B7CE /* BooksManager */ = {
			isa = PBXGroup;
			children = (
				11BE6FD42178B62100162F5A /* search.png */,
				11D77CB2212C2B0500E9B7CE /* AppDelegate.swift */,
				11ADD1B32143CFA0000A725E /* ListViewController.swift */,
				11D77CD92131DC2000E9B7CE /* BarCodeViewController.swift */,
				118C1CF521510A8A007DFE0D /* AddViewController.swift */,
				11D77CD0212F120800E9B7CE /* NoteViewController.swift */,
				11D77CD52130C17000E9B7CE /* SavedViewController.swift */,
				11BE6FCC21784DE700162F5A /* SearchViewController.swift */,
				11FABCC7213D986F00229F28 /* CSViewController.swift */,
				11D77CD2212F12C000E9B7CE /* Declarations.swift */,
				11D77CB6212C2B0500E9B7CE /* Main.storyboard */,
				11D77CB9212C2B0800E9B7CE /* Assets.xcassets */,
				11D77CBB212C2B0800E9B7CE /* LaunchScreen.storyboard */,
				11D77CBE212C2B0800E9B7CE /* Info.plist */,
			);
			path = BooksManager;
			sourceTree = "<group>";
		};
/* End PBXGroup section */

/* Begin PBXNativeTarget section */
		11D77CAE212C2B0500E9B7CE /* BooksManager */ = {
			isa = PBXNativeTarget;
			buildConfigurationList = 11D77CC1212C2B0800E9B7CE /* Build configuration list for PBXNativeTarget "BooksManager" */;
			buildPhases = (
				11D77CAB212C2B0500E9B7CE /* Sources */,
				11D77CAC212C2B0500E9B7CE /* Frameworks */,
				11D77CAD212C2B0500E9B7CE /* Resources */,
			);
			buildRules = (
			);
			dependencies = (
			);
			name = BooksManager;
			productName = BooksManager;
			productReference = 11D77CAF212C2B0500E9B7CE /* BooksManager.app */;
			productType = "com.apple.product-type.application";
		};
/* End PBXNativeTarget section */

/* Begin PBXProject section */
		11D77CA7212C2B0500E9B7CE /* Project object */ = {
			isa = PBXProject;
			attributes = {
				LastSwiftUpdateCheck = 0940;
				LastUpgradeCheck = 0940;
				ORGANIZATIONNAME = "黒岩修";
				TargetAttributes = {
					11D77CAE212C2B0500E9B7CE = {
						CreatedOnToolsVersion = 9.4.1;
					};
				};
			};
			buildConfigurationList = 11D77CAA212C2B0500E9B7CE /* Build configuration list for PBXProject "BooksManager" */;
			compatibilityVersion = "Xcode 9.3";
			developmentRegion = en;
			hasScannedForEncodings = 0;
			knownRegions = (
				en,
				Base,
				ja,
				eo,
			);
			mainGroup = 11D77CA6212C2B0500E9B7CE;
			productRefGroup = 11D77CB0212C2B0500E9B7CE /* Products */;
			projectDirPath = "";
			projectRoot = "";
			targets = (
				11D77CAE212C2B0500E9B7CE /* BooksManager */,
			);
		};
/* End PBXProject section */

/* Begin PBXResourcesBuildPhase section */
		11D77CAD212C2B0500E9B7CE /* Resources */ = {
			isa = PBXResourcesBuildPhase;
			buildActionMask = 2147483647;
			files = (
				11BE6FD52178B62100162F5A /* search.png in Resources */,
				11D77CBD212C2B0800E9B7CE /* LaunchScreen.storyboard in Resources */,
				11D77CC8212C813700E9B7CE /* Localizable.strings in Resources */,
				11D77CBA212C2B0800E9B7CE /* Assets.xcassets in Resources */,
				11D77CB8212C2B0500E9B7CE /* Main.storyboard in Resources */,
			);
			runOnlyForDeploymentPostprocessing = 0;
		};
/* End PBXResourcesBuildPhase section */

/* Begin PBXSourcesBuildPhase section */
		11D77CAB212C2B0500E9B7CE /* Sources */ = {
			isa = PBXSourcesBuildPhase;
			buildActionMask = 2147483647;
			files = (
				11FABCC8213D986F00229F28 /* CSViewController.swift in Sources */,
				11D77CD62130C17000E9B7CE /* SavedViewController.swift in Sources */,
				118C1CF621510A8A007DFE0D /* AddViewController.swift in Sources */,
				11BE6FCD21784DE700162F5A /* SearchViewController.swift in Sources */,
				11D77CD3212F12C000E9B7CE /* Declarations.swift in Sources */,
				11ADD1B42143CFA0000A725E /* ListViewController.swift in Sources */,
				11D77CD1212F120800E9B7CE /* NoteViewController.swift in Sources */,
				11D77CB3212C2B0500E9B7CE /* AppDelegate.swift in Sources */,
				11D77CDA2131DC2000E9B7CE /* BarCodeViewController.swift in Sources */,
			);
			runOnlyForDeploymentPostprocessing = 0;
		};
/* End PBXSourcesBuildPhase section */

/* Begin PBXVariantGroup section */
		11D77CB6212C2B0500E9B7CE /* Main.storyboard */ = {
			isa = PBXVariantGroup;
			children = (
				11D77CB7212C2B0500E9B7CE /* Base */,
			);
			name = Main.storyboard;
			sourceTree = "<group>";
		};
		11D77CBB212C2B0800E9B7CE /* LaunchScreen.storyboard */ = {
			isa = PBXVariantGroup;
			children = (
				11D77CBC212C2B0800E9B7CE /* Base */,
			);
			name = LaunchScreen.storyboard;
			sourceTree = "<group>";
		};
		11D77CCA212C813700E9B7CE /* Localizable.strings */ = {
			isa = PBXVariantGroup;
			children = (
				11D77CCB212C817A00E9B7CE /* ja */,
				11D77CCD212C820900E9B7CE /* Base */,
				11D77CD4212F3F3D00E9B7CE /* eo */,
			);
			name = Localizable.strings;
			sourceTree = "<group>";
		};
/* End PBXVariantGroup section */

/* Begin XCBuildConfiguration section */
		11D77CBF212C2B0800E9B7CE /* Debug */ = {
			isa = XCBuildConfiguration;
			buildSettings = {
				ALWAYS_SEARCH_USER_PATHS = NO;
				CLANG_ANALYZER_LOCALIZABILITY_NONLOCALIZED = YES;
				CLANG_ANALYZER_NONNULL = YES;
				CLANG_ANALYZER_NUMBER_OBJECT_CONVERSION = YES_AGGRESSIVE;
				CLANG_CXX_LANGUAGE_STANDARD = "gnu++14";
				CLANG_CXX_LIBRARY = "libc++";
				CLANG_ENABLE_MODULES = YES;
				CLANG_ENABLE_OBJC_ARC = YES;
				CLANG_ENABLE_OBJC_WEAK = YES;
				CLANG_WARN_BLOCK_CAPTURE_AUTORELEASING = YES;
				CLANG_WARN_BOOL_CONVERSION = YES;
				CLANG_WARN_COMMA = YES;
				CLANG_WARN_CONSTANT_CONVERSION = YES;
				CLANG_WARN_DEPRECATED_OBJC_IMPLEMENTATIONS = YES;
				CLANG_WARN_DIRECT_OBJC_ISA_USAGE = YES_ERROR;
				CLANG_WARN_DOCUMENTATION_COMMENTS = YES;
				CLANG_WARN_EMPTY_BODY = YES;
				CLANG_WARN_ENUM_CONVERSION = YES;
				CLANG_WARN_INFINITE_RECURSION = YES;
				CLANG_WARN_INT_CONVERSION = YES;
				CLANG_WARN_NON_LITERAL_NULL_CONVERSION = YES;
				CLANG_WARN_OBJC_IMPLICIT_RETAIN_SELF = YES;
				CLANG_WARN_OBJC_LITERAL_CONVERSION = YES;
				CLANG_WARN_OBJC_ROOT_CLASS = YES_ERROR;
				CLANG_WARN_RANGE_LOOP_ANALYSIS = YES;
				CLANG_WARN_STRICT_PROTOTYPES = YES;
				CLANG_WARN_SUSPICIOUS_MOVE = YES;
				CLANG_WARN_UNGUARDED_AVAILABILITY = YES_AGGRESSIVE;
				CLANG_WARN_UNREACHABLE_CODE = YES;
				CLANG_WARN__DUPLICATE_METHOD_MATCH = YES;
				CODE_SIGN_IDENTITY = "iPhone Developer";
				COPY_PHASE_STRIP = NO;
				DEBUG_INFORMATION_FORMAT = dwarf;
				ENABLE_STRICT_OBJC_MSGSEND = YES;
				ENABLE_TESTABILITY = YES;
				GCC_C_LANGUAGE_STANDARD = gnu11;
				GCC_DYNAMIC_NO_PIC = NO;
				GCC_NO_COMMON_BLOCKS = YES;
				GCC_OPTIMIZATION_LEVEL = 0;
				GCC_PREPROCESSOR_DEFINITIONS = (
					"DEBUG=1",
					"$(inherited)",
				);
				GCC_WARN_64_TO_32_BIT_CONVERSION = YES;
				GCC_WARN_ABOUT_RETURN_TYPE = YES_ERROR;
				GCC_WARN_UNDECLARED_SELECTOR = YES;
				GCC_WARN_UNINITIALIZED_AUTOS = YES_AGGRESSIVE;
				GCC_WARN_UNUSED_FUNCTION = YES;
				GCC_WARN_UNUSED_VARIABLE = YES;
				IPHONEOS_DEPLOYMENT_TARGET = 11.4;
				MTL_ENABLE_DEBUG_INFO = YES;
				ONLY_ACTIVE_ARCH = YES;
				SDKROOT = iphoneos;
				SWIFT_ACTIVE_COMPILATION_CONDITIONS = DEBUG;
				SWIFT_OPTIMIZATION_LEVEL = "-Onone";
			};
			name = Debug;
		};
		11D77CC0212C2B0800E9B7CE /* Release */ = {
			isa = XCBuildConfiguration;
			buildSettings = {
				ALWAYS_SEARCH_USER_PATHS = NO;
				CLANG_ANALYZER_LOCALIZABILITY_NONLOCALIZED = YES;
				CLANG_ANALYZER_NONNULL = YES;
				CLANG_ANALYZER_NUMBER_OBJECT_CONVERSION = YES_AGGRESSIVE;
				CLANG_CXX_LANGUAGE_STANDARD = "gnu++14";
				CLANG_CXX_LIBRARY = "libc++";
				CLANG_ENABLE_MODULES = YES;
				CLANG_ENABLE_OBJC_ARC = YES;
				CLANG_ENABLE_OBJC_WEAK = YES;
				CLANG_WARN_BLOCK_CAPTURE_AUTORELEASING = YES;
				CLANG_WARN_BOOL_CONVERSION = YES;
				CLANG_WARN_COMMA = YES;
				CLANG_WARN_CONSTANT_CONVERSION = YES;
				CLANG_WARN_DEPRECATED_OBJC_IMPLEMENTATIONS = YES;
				CLANG_WARN_DIRECT_OBJC_ISA_USAGE = YES_ERROR;
				CLANG_WARN_DOCUMENTATION_COMMENTS = YES;
				CLANG_WARN_EMPTY_BODY = YES;
				CLANG_WARN_ENUM_CONVERSION = YES;
				CLANG_WARN_INFINITE_RECURSION = YES;
				CLANG_WARN_INT_CONVERSION = YES;
				CLANG_WARN_NON_LITERAL_NULL_CONVERSION = YES;
				CLANG_WARN_OBJC_IMPLICIT_RETAIN_SELF = YES;
				CLANG_WARN_OBJC_LITERAL_CONVERSION = YES;
				CLANG_WARN_OBJC_ROOT_CLASS = YES_ERROR;
				CLANG_WARN_RANGE_LOOP_ANALYSIS = YES;
				CLANG_WARN_STRICT_PROTOTYPES = YES;
				CLANG_WARN_SUSPICIOUS_MOVE = YES;
				CLANG_WARN_UNGUARDED_AVAILABILITY = YES_AGGRESSIVE;
				CLANG_WARN_UNREACHABLE_CODE = YES;
				CLANG_WARN__DUPLICATE_METHOD_MATCH = YES;
				CODE_SIGN_IDENTITY = "iPhone Developer";
				COPY_PHASE_STRIP = NO;
				DEBUG_INFORMATION_FORMAT = "dwarf-with-dsym";
				ENABLE_NS_ASSERTIONS = NO;
				ENABLE_STRICT_OBJC_MSGSEND = YES;
				GCC_C_LANGUAGE_STANDARD = gnu11;
				GCC_NO_COMMON_BLOCKS = YES;
				GCC_WARN_64_TO_32_BIT_CONVERSION = YES;
				GCC_WARN_ABOUT_RETURN_TYPE = YES_ERROR;
				GCC_WARN_UNDECLARED_SELECTOR = YES;
				GCC_WARN_UNINITIALIZED_AUTOS = YES_AGGRESSIVE;
				GCC_WARN_UNUSED_FUNCTION = YES;
				GCC_WARN_UNUSED_VARIABLE = YES;
				IPHONEOS_DEPLOYMENT_TARGET = 11.4;
				MTL_ENABLE_DEBUG_INFO = NO;
				SDKROOT = iphoneos;
				SWIFT_COMPILATION_MODE = wholemodule;
				SWIFT_OPTIMIZATION_LEVEL = "-O";
				VALIDATE_PRODUCT = YES;
			};
			name = Release;
		};
		11D77CC2212C2B0800E9B7CE /* Debug */ = {
			isa = XCBuildConfiguration;
			buildSettings = {
				ASSETCATALOG_COMPILER_APPICON_NAME = AppIcon;
				CODE_SIGN_STYLE = Automatic;
				DEVELOPMENT_TEAM = 3L5AM9SMR6;
				INFOPLIST_FILE = BooksManager/Info.plist;
				IPHONEOS_DEPLOYMENT_TARGET = 9.0;
				LD_RUNPATH_SEARCH_PATHS = (
					"$(inherited)",
					"@executable_path/Frameworks",
				);
				PRODUCT_BUNDLE_IDENTIFIER = com.litech.BooksManager;
				PRODUCT_NAME = "$(TARGET_NAME)";
				SWIFT_VERSION = 4.0;
				TARGETED_DEVICE_FAMILY = "1,2";
			};
			name = Debug;
		};
		11D77CC3212C2B0800E9B7CE /* Release */ = {
			isa = XCBuildConfiguration;
			buildSettings = {
				ASSETCATALOG_COMPILER_APPICON_NAME = AppIcon;
				CODE_SIGN_STYLE = Automatic;
				DEVELOPMENT_TEAM = 3L5AM9SMR6;
				INFOPLIST_FILE = BooksManager/Info.plist;
				IPHONEOS_DEPLOYMENT_TARGET = 9.0;
				LD_RUNPATH_SEARCH_PATHS = (
					"$(inherited)",
					"@executable_path/Frameworks",
				);
				PRODUCT_BUNDLE_IDENTIFIER = com.litech.BooksManager;
				PRODUCT_NAME = "$(TARGET_NAME)";
				SWIFT_VERSION = 4.0;
				TARGETED_DEVICE_FAMILY = "1,2";
			};
			name = Release;
		};
/* End XCBuildConfiguration section */

/* Begin XCConfigurationList section */
		11D77CAA212C2B0500E9B7CE /* Build configuration list for PBXProject "BooksManager" */ = {
			isa = XCConfigurationList;
			buildConfigurations = (
				11D77CBF212C2B0800E9B7CE /* Debug */,
				11D77CC0212C2B0800E9B7CE /* Release */,
			);
			defaultConfigurationIsVisible = 0;
			defaultConfigurationName = Release;
		};
		11D77CC1212C2B0800E9B7CE /* Build configuration list for PBXNativeTarget "BooksManager" */ = {
			isa = XCConfigurationList;
			buildConfigurations = (
				11D77CC2212C2B0800E9B7CE /* Debug */,
				11D77CC3212C2B0800E9B7CE /* Release */,
			);
			defaultConfigurationIsVisible = 0;
			defaultConfigurationName = Release;
		};
/* End XCConfigurationList section */
	};
	rootObject = 11D77CA7212C2B0500E9B7CE /* Project object */;
}
